
Microsoft Visual Studio Solution File, Format Version 12.00
# Visual Studio Version 17
VisualStudioVersion = 17.14.36414.22
MinimumVisualStudioVersion = 10.0.40219.1
Project("{FAE04EC0-301F-11D3-BF4B-00C04F79EFBC}") = "Depi_Project", "Depi_Project\Depi_Project.csproj", "{16A6E5A1-6CE6-489C-AE67-B9C5C70837A3}"
EndProject
Global
	GlobalSection(SolutionConfigurationPlatforms) = preSolution
		Debug|Any CPU = Debug|Any CPU
		Release|Any CPU = Release|Any CPU
	EndGlobalSection
	GlobalSection(ProjectConfigurationPlatforms) = postSolution
		{16A6E5A1-6CE6-489C-AE67-B9C5C70837A3}.Debug|Any CPU.ActiveCfg = Debug|Any CPU
		{16A6E5A1-6CE6-489C-AE67-B9C5C70837A3}.Debug|Any CPU.Build.0 = Debug|Any CPU
		{16A6E5A1-6CE6-489C-AE67-B9C5C70837A3}.Release|Any CPU.ActiveCfg = Release|Any CPU
		{16A6E5A1-6CE6-489C-AE67-B9C5C70837A3}.Release|Any CPU.Build.0 = Release|Any CPU
	EndGlobalSection
	GlobalSection(SolutionProperties) = preSolution
		HideSolutionNode = FALSE
	EndGlobalSection
	GlobalSection(ExtensibilityGlobals) = postSolution
		SolutionGuid = {B32272EC-1F91-4DA8-A8CD-E121506B3150}
	EndGlobalSection
EndGlobal
